github.com/armon/go-proxyproto v0.0.0-20150207025855-609d6338d3a7 h1:AuTQOaYRBRtfDwY9ksr2sLXBgNvI5Mi6nhPdKdLE8Uw=
github.com/armon/go-proxyproto v0.0.0-20150207025855-609d6338d3a7/go.mod h1:QmP9hvJ91BbJmGVGSbutW19IC0Q9phDCLGaomwTJbgU=
github.com/circonus-labs/circonus-gometrics v0.0.0-20160830164725-f8c68ed96a06 h1:DHdPk46/oiLoYPQ7Dt10pRx74HaJVoyjS5Ea7eyROes=
github.com/circonus-labs/circonus-gometrics v0.0.0-20160830164725-f8c68ed96a06/go.mod h1:nmEj6Dob7S7YxXgwXpfOuvO54S+tGdZdw9fuRZt25Ag=
github.com/circonus-labs/circonusllhist v0.0.0-20160526043813-d724266ae527 h1:g5Ns3zGpLJ0T+1YJ0d3VVPrlMMyFHXV4x82xNgIT9z0=
github.com/circonus-labs/circonusllhist v0.0.0-20160526043813-d724266ae527/go.mod h1:kMXHVDlOchFAehlya5ePtbp5jckzBHf4XRpQvBOLI+I=
github.com/cyberdelia/go-metrics-graphite v0.0.0-20150826032200-b8345b7f01d5 h1:TYSgSeiA3LfBi6son0KgHb4wcTXV1kB5wZtTorXQ914=
github.com/cyberdelia/go-metrics-graphite v0.0.0-20150826032200-b8345b7f01d5/go.mod h1:xwIwAxMvYnVrGJPe2FKx5prTrnAjGOD8zvDOnxnrrkM=
github.com/fatih/structs v0.0.0-20160601093117-5ada2f449b10 h1:ajF8LGnOEaXJZD9XGNIawJ55pmntNqLiKdEFXo9/Bnk=
github.com/fatih/structs v0.0.0-20160601093117-5ada2f449b10/go.mod h1:9NiDSp5zOcgEDl+j00MP/WkGVPOlPRLejGD8Ga6PJ7M=
github.com/gobwas/glob v0.0.0-20180208211842-19c076cdf202 h1:XcHVP1KCiY3CQI5oi8+7pRPD/5dC2NbhGZLn5CFGO74=
github.com/gobwas/glob v0.0.0-20180208211842-19c076cdf202/go.mod h1:d3Ez4x06l9bZtSvzIay5+Yzi0fmZzPgnTbPcKjJAkT8=
github.com/hashicorp/consul v0.8.0 h1:Z/JG7b8Djn1v4LwLT9YWSTrxMQwTidzT1sD6rJYF9Pc=
github.com/hashicorp/consul v0.8.0/go.mod h1:mFrjN1mfidgJfYP1xrJCF+AfRhr6Eaqhb2+sfyn/OOI=
github.com/hashicorp/errwrap v0.0.0-20141028054710-7554cd9344ce h1:prjrVgOk2Yg6w+PflHoszQNLTUh4kaByUcEWM/9uin4=
github.com/hashicorp/errwrap v0.0.0-20141028054710-7554cd9344ce/go.mod h1:YH+1FKiLXxHSkmPseP+kNlulaMuP3n2brvKWEqk/Jc4=
github.com/hashicorp/go-cleanhttp v0.0.0-20160407174126-ad28ea4487f0 h1:2l0haPDqCzZEO160UR5DSrrl8RWptFCoxFsSbRLJBaI=
github.com/hashicorp/go-cleanhttp v0.0.0-20160407174126-ad28ea4487f0/go.mod h1:JpRdi6/HCYpAwUzNwuwqhbovhLtngrth3wmdIIUrZ80=
github.com/hashicorp/go-multierror v0.0.0-20150916205742-d30f09973e19 h1:gb61U/o4ZJ6TRYvZqJUKYidIhJOEAvNyVMesryROxAY=
github.com/hashicorp/go-multierror v0.0.0-20150916205742-d30f09973e19/go.mod h1:JMRHfdO9jKNzS/+BTlxCjKNQHg/jZAft8U7LloJvN7I=
github.com/hashicorp/go-retryablehttp v0.0.0-20160810172255-f4ed9b0fa01a h1:EyMMojcpa0OFWj8zjSPQ+8SsBVm+hMDqQlxjGdCxUDQ=
github.com/hashicorp/go-retryablehttp v0.0.0-20160810172255-f4ed9b0fa01a/go.mod h1:fXcdFsQoipQa7mwORhKad5jmDCeSy/RCGzWA08PO0lM=
github.com/hashicorp/go-rootcerts v0.0.0-20160503143440-6bb64b370b90 h1:9HVkPxOpo+yO93Ah4yrO67d/qh0fbLLWbKqhYjyHq9A=
github.com/hashicorp/go-rootcerts v0.0.0-20160503143440-6bb64b370b90/go.mod h1:o4zcYY1e0GEZI6eSEr+43QDYmuGglw1qSO6qdHUHCgg=
github.com/hashicorp/hcl v0.0.0-20160607001940-d7400db7143f h1:4/YA+0VGQiTOscm2IpwDVLncidInJKGuU62GBKeUbE8=
github.com/hashicorp/hcl v0.0.0-20160607001940-d7400db7143f/go.mod h1:oZtUIOe8dh44I2q6ScRibXws4Ajl+d+nod3AaR9vL5w=
github.com/hashicorp/serf v0.7.0 h1:9NBx0ZSoEtMrWrNf2ByXsmoKcpJyHIU7xGU/itMCtkg=
github.com/hashicorp/serf v0.7.0/go.mod h1:h/Ru6tmZazX7WO/GDmwdpS975F019L4t5ng5IgwbNrE=
github.com/hashicorp/vault v0.6.0 h1:wc/KN2SZ76imak5yOF4Utm6p0e4BNtSKLhWlYrzX+vQ=
github.com/hashicorp/vault v0.6.0/go.mod h1:KfSyffbKxoVyspOdlaGVjIuwLobi07qD1bAbosPMpP0=
github.com/magiconair/properties v0.0.0-20171031211101-49d762b9817b h1:bR3tkU6ocnK5a0NsdgTMWc7sILt+BY0PceUYC6EpSqc=
github.com/magiconair/properties v0.0.0-20171031211101-49d762b9817b/go.mod h1:PppfXfuXeibc/6YijjN8zIbojt8czPbwD3XqdrwzmxQ=
github.com/mitchellh/go-homedir v0.0.0-20160606030122-1111e456ffea h1:6vbWobCwqTqcqPXwGOyVXdwdINhgsh7rEueNhT/89kM=
github.com/mitchellh/go-homedir v0.0.0-20160606030122-1111e456ffea/go.mod h1:SfyaCUpYCn1Vlf4IUYiD9fPX4A5wJrkLzIz1N1q0pr0=
github.com/mitchellh/mapstructure v0.0.0-20160212031839-d2dd02622084 h1:Z2EJ6SUYrzx6J/YH/ltZthkUQTB/5+Ykpkew6y9DGJE=
github.com/mitchellh/mapstructure v0.0.0-20160212031839-d2dd02622084/go.mod h1:FVVH3fgwuzCH5S8UJGiWEs2h04kUh9fWfEaFds41c1Y=
github.com/pascaldekloe/goe v0.0.0-20150719195608-f99183613f48 h1:8y3keSPOPy5pszxfE4wtwlAKuuIde8X6zcto98U4RYw=
github.com/pascaldekloe/goe v0.0.0-20150719195608-f99183613f48/go.mod h1:lzWF7FIEvWOWxwDKqyGYQf6ZUaNfKdP144TG7ZOy1lc=
github.com/pkg/profile v1.2.1 h1:F++O52m40owAmADcojzM+9gyjmMOY/T4oYJkgFDH8RE=
github.com/pkg/profile v1.2.1/go.mod h1:hJw3o1OdXxsrSjjVksARp5W95eeEaEfptyVZyv6JUPA=
github.com/pubnub/go-metrics-statsd v0.0.0-20170124014003-7da61f429d6b h1:xCVl8I01z+W/Q+z7napcXRrOhsFzxmYLiBxigDbNQcg=
github.com/pubnub/go-metrics-statsd v0.0.0-20170124014003-7da61f429d6b/go.mod h1:5UoZ1X6PWZWpPxwpR8qZ/qTN2BXIrrYTV9j+6TaQngA=
github.com/rcrowley/go-metrics v0.0.0-20180503174638-e2704e165165 h1:nkcn14uNmFEuGCb2mBZbBb24RdNRL08b/wb+xBOYpuk=
github.com/rcrowley/go-metrics v0.0.0-20180503174638-e2704e165165/go.mod h1:bCqnVzQkZxMG4s8nGwiZ5l3QUCyqpo9Y+/ZMZ9VjZe4=
github.com/rogpeppe/fastuuid v0.0.0-20150106093220-6724a57986af h1:gu+uRPtBe88sKxUCEXRoeCvVG90TJmwhiqRpvdhQFng=
github.com/rogpeppe/fastuuid v0.0.0-20150106093220-6724a57986af/go.mod h1:XWv6SoW27p1b0cqNHllgS5HIMJraePCO15w5zCzIWYg=
github.com/sergi/go-diff v0.0.0-20170118131230-24e2351369ec h1:shdBt9xKJPFOcYfVt160PFXcIKxJZC6165xf9qeWx/o=
github.com/sergi/go-diff v0.0.0-20170118131230-24e2351369ec/go.mod h1:0CfEIISq7TuYL3j771MWULgwwjU+GofnZX9QAmXWZgo=
golang.org/x/net v0.0.0-20170114055629-f2499483f923 h1:cLl2p2++IYXqH4YzQ7uIc7QLOa4SU0x1vSy9Da++V94=
golang.org/x/net v0.0.0-20170114055629-f2499483f923/go.mod h1:mL1N/T3taQHkDXs73rZJwtUhF3w3ftmwwsq0BUmARs4=
golang.org/x/sync v0.0.0-20170927054112-8e0aa688b654 h1:ogYMTsPtkSw1JROKERM/ualwPUvE2UOP2KfhwFO6aVE=
golang.org/x/sync v0.0.0-20170927054112-8e0aa688b654/go.mod h1:RxMgew5VJxzue5/jJTE5uejpjVlOe/izrB70Jof72aM=
